
Microsoft Visual Studio Solution File, Format Version 12.00
# Visual Studio Version 17
VisualStudioVersion = 17.13.35919.96 d17.13
MinimumVisualStudioVersion = 10.0.40219.1
Project("{FAE04EC0-301F-11D3-BF4B-00C04F79EFBC}") = "LibraryManagementMaui", "LibraryManagementMaui\LibraryManagementMaui.csproj", "{86E24BF5-5460-4268-BFA0-CE302646BBBD}"
EndProject
Global
	GlobalSection(SolutionConfigurationPlatforms) = preSolution
		Debug|Any CPU = Debug|Any CPU
		Release|Any CPU = Release|Any CPU
	EndGlobalSection
	GlobalSection(ProjectConfigurationPlatforms) = postSolution
		{86E24BF5-5460-4268-BFA0-CE302646BBBD}.Debug|Any CPU.ActiveCfg = Debug|Any CPU
		{86E24BF5-5460-4268-BFA0-CE302646BBBD}.Debug|Any CPU.Build.0 = Debug|Any CPU
		{86E24BF5-5460-4268-BFA0-CE302646BBBD}.Debug|Any CPU.Deploy.0 = Debug|Any CPU
		{86E24BF5-5460-4268-BFA0-CE302646BBBD}.Release|Any CPU.ActiveCfg = Release|Any CPU
		{86E24BF5-5460-4268-BFA0-CE302646BBBD}.Release|Any CPU.Build.0 = Release|Any CPU
		{86E24BF5-5460-4268-BFA0-CE302646BBBD}.Release|Any CPU.Deploy.0 = Release|Any CPU
	EndGlobalSection
	GlobalSection(SolutionProperties) = preSolution
		HideSolutionNode = FALSE
	EndGlobalSection
	GlobalSection(ExtensibilityGlobals) = postSolution
		SolutionGuid = {E8C7953A-45C9-4E47-8CBF-512178A2E01F}
	EndGlobalSection
EndGlobal
